
Microsoft Visual Studio Solution File, Format Version 11.00
# Visual Studio 2010
Project("{FAE04EC0-301F-11D3-BF4B-00C04F79EFBC}") = "Plugin.FilePicker.Net40", "Plugin.FilePicker\Plugin.FilePicker.Net40.csproj", "{5B2EE5F6-8752-41B4-824D-A237CEFAD254}"
EndProject
Project("{FAE04EC0-301F-11D3-BF4B-00C04F79EFBC}") = "Plugin.FilePicker.Net40.UnitTests", "Plugin.FilePicker.Net40.UnitTests\Plugin.FilePicker.Net40.UnitTests.csproj", "{CBB1A8A4-8ACA-4021-9AB8-9ED56E0B4103}"
EndProject
Global
	GlobalSection(SolutionConfigurationPlatforms) = preSolution
		Debug|Any CPU = Debug|Any CPU
		Debug|Mixed Platforms = Debug|Mixed Platforms
		Debug|x86 = Debug|x86
		Release|Any CPU = Release|Any CPU
		Release|Mixed Platforms = Release|Mixed Platforms
		Release|x86 = Release|x86
	EndGlobalSection
	GlobalSection(ProjectConfigurationPlatforms) = postSolution
		{5B2EE5F6-8752-41B4-824D-A237CEFAD254}.Debug|Any CPU.ActiveCfg = Debug|Any CPU
		{5B2EE5F6-8752-41B4-824D-A237CEFAD254}.Debug|Any CPU.Build.0 = Debug|Any CPU
		{5B2EE5F6-8752-41B4-824D-A237CEFAD254}.Debug|Mixed Platforms.ActiveCfg = Debug|Any CPU
		{5B2EE5F6-8752-41B4-824D-A237CEFAD254}.Debug|Mixed Platforms.Build.0 = Debug|Any CPU
		{5B2EE5F6-8752-41B4-824D-A237CEFAD254}.Debug|x86.ActiveCfg = Debug|Any CPU
		{5B2EE5F6-8752-41B4-824D-A237CEFAD254}.Release|Any CPU.ActiveCfg = Release|Any CPU
		{5B2EE5F6-8752-41B4-824D-A237CEFAD254}.Release|Any CPU.Build.0 = Release|Any CPU
		{5B2EE5F6-8752-41B4-824D-A237CEFAD254}.Release|Mixed Platforms.ActiveCfg = Release|Any CPU
		{5B2EE5F6-8752-41B4-824D-A237CEFAD254}.Release|Mixed Platforms.Build.0 = Release|Any CPU
		{5B2EE5F6-8752-41B4-824D-A237CEFAD254}.Release|x86.ActiveCfg = Release|Any CPU
		{CBB1A8A4-8ACA-4021-9AB8-9ED56E0B4103}.Debug|Any CPU.ActiveCfg = Debug|x86
		{CBB1A8A4-8ACA-4021-9AB8-9ED56E0B4103}.Debug|Mixed Platforms.ActiveCfg = Debug|x86
		{CBB1A8A4-8ACA-4021-9AB8-9ED56E0B4103}.Debug|Mixed Platforms.Build.0 = Debug|x86
		{CBB1A8A4-8ACA-4021-9AB8-9ED56E0B4103}.Debug|x86.ActiveCfg = Debug|x86
		{CBB1A8A4-8ACA-4021-9AB8-9ED56E0B4103}.Debug|x86.Build.0 = Debug|x86
		{CBB1A8A4-8ACA-4021-9AB8-9ED56E0B4103}.Release|Any CPU.ActiveCfg = Release|x86
		{CBB1A8A4-8ACA-4021-9AB8-9ED56E0B4103}.Release|Mixed Platforms.ActiveCfg = Release|x86
		{CBB1A8A4-8ACA-4021-9AB8-9ED56E0B4103}.Release|Mixed Platforms.Build.0 = Release|x86
		{CBB1A8A4-8ACA-4021-9AB8-9ED56E0B4103}.Release|x86.ActiveCfg = Release|x86
		{CBB1A8A4-8ACA-4021-9AB8-9ED56E0B4103}.Release|x86.Build.0 = Release|x86
	EndGlobalSection
	GlobalSection(SolutionProperties) = preSolution
		HideSolutionNode = FALSE
	EndGlobalSection
EndGlobal
